
Microsoft Visual Studio Solution File, Format Version 12.00
# Visual Studio Version 16
VisualStudioVersion = 16.0.29609.76
MinimumVisualStudioVersion = 10.0.40219.1
Project("{FAE04EC0-301F-11D3-BF4B-00C04F79EFBC}") = "Elastic.Asp.mvc", "Elastic.Asp.mvc\Elastic.Asp.mvc.csproj", "{0D5BF9E7-A335-44C5-8543-25AAF82AEC6B}"
EndProject
Global
	GlobalSection(SolutionConfigurationPlatforms) = preSolution
		Debug|Any CPU = Debug|Any CPU
		Release|Any CPU = Release|Any CPU
	EndGlobalSection
	GlobalSection(ProjectConfigurationPlatforms) = postSolution
		{0D5BF9E7-A335-44C5-8543-25AAF82AEC6B}.Debug|Any CPU.ActiveCfg = Debug|Any CPU
		{0D5BF9E7-A335-44C5-8543-25AAF82AEC6B}.Debug|Any CPU.Build.0 = Debug|Any CPU
		{0D5BF9E7-A335-44C5-8543-25AAF82AEC6B}.Release|Any CPU.ActiveCfg = Release|Any CPU
		{0D5BF9E7-A335-44C5-8543-25AAF82AEC6B}.Release|Any CPU.Build.0 = Release|Any CPU
	EndGlobalSection
	GlobalSection(SolutionProperties) = preSolution
		HideSolutionNode = FALSE
	EndGlobalSection
	GlobalSection(ExtensibilityGlobals) = postSolution
		SolutionGuid = {3459E7D4-E4F7-43D2-991A-774F305503B2}
	EndGlobalSection
EndGlobal
